
Microsoft Visual Studio Solution File, Format Version 12.00
# Visual Studio Version 16
VisualStudioVersion = 16.0.30011.22
MinimumVisualStudioVersion = 10.0.40219.1
Project("{888888A0-9F3D-457C-B088-3A5042F75D52}") = "GuestList", "GuestList\GuestList.pyproj", "{EE0B0C18-597F-4511-8B79-0ED1529E9BD5}"
EndProject
Global
	GlobalSection(SolutionConfigurationPlatforms) = preSolution
		Debug|Any CPU = Debug|Any CPU
		Release|Any CPU = Release|Any CPU
	EndGlobalSection
	GlobalSection(ProjectConfigurationPlatforms) = postSolution
		{EE0B0C18-597F-4511-8B79-0ED1529E9BD5}.Debug|Any CPU.ActiveCfg = Debug|Any CPU
		{EE0B0C18-597F-4511-8B79-0ED1529E9BD5}.Release|Any CPU.ActiveCfg = Release|Any CPU
	EndGlobalSection
	GlobalSection(SolutionProperties) = preSolution
		HideSolutionNode = FALSE
	EndGlobalSection
	GlobalSection(ExtensibilityGlobals) = postSolution
		SolutionGuid = {E9A9497F-47B4-4894-86D7-36EEAEDA1717}
	EndGlobalSection
EndGlobal
